
Microsoft Visual Studio Solution File, Format Version 12.00
# Visual Studio Version 17
VisualStudioVersion = 17.9.34728.123
MinimumVisualStudioVersion = 10.0.40219.1
Project("{FAE04EC0-301F-11D3-BF4B-00C04F79EFBC}") = "Array", "Array\Array.csproj", "{ECA2A766-19FE-4E25-B221-F83B37C01A9E}"
EndProject
Project("{FAE04EC0-301F-11D3-BF4B-00C04F79EFBC}") = "ArrayList_Work", "ArrayList\ArrayList_Work.csproj", "{A7A33085-28EB-4575-A10A-C5F756B86A19}"
EndProject
Global
	GlobalSection(SolutionConfigurationPlatforms) = preSolution
		Debug|Any CPU = Debug|Any CPU
		Release|Any CPU = Release|Any CPU
	EndGlobalSection
	GlobalSection(ProjectConfigurationPlatforms) = postSolution
		{ECA2A766-19FE-4E25-B221-F83B37C01A9E}.Debug|Any CPU.ActiveCfg = Debug|Any CPU
		{ECA2A766-19FE-4E25-B221-F83B37C01A9E}.Debug|Any CPU.Build.0 = Debug|Any CPU
		{ECA2A766-19FE-4E25-B221-F83B37C01A9E}.Release|Any CPU.ActiveCfg = Release|Any CPU
		{ECA2A766-19FE-4E25-B221-F83B37C01A9E}.Release|Any CPU.Build.0 = Release|Any CPU
		{A7A33085-28EB-4575-A10A-C5F756B86A19}.Debug|Any CPU.ActiveCfg = Debug|Any CPU
		{A7A33085-28EB-4575-A10A-C5F756B86A19}.Debug|Any CPU.Build.0 = Debug|Any CPU
		{A7A33085-28EB-4575-A10A-C5F756B86A19}.Release|Any CPU.ActiveCfg = Release|Any CPU
		{A7A33085-28EB-4575-A10A-C5F756B86A19}.Release|Any CPU.Build.0 = Release|Any CPU
	EndGlobalSection
	GlobalSection(SolutionProperties) = preSolution
		HideSolutionNode = FALSE
	EndGlobalSection
	GlobalSection(ExtensibilityGlobals) = postSolution
		SolutionGuid = {A2EEFBFF-82F3-4804-8733-D94872D7C65D}
	EndGlobalSection
EndGlobal
